
Microsoft Visual Studio Solution File, Format Version 12.00
# Visual Studio Version 17
VisualStudioVersion = 17.0.31903.59
MinimumVisualStudioVersion = 10.0.40219.1
Project("{2150E333-8FDC-42A3-9474-1A3956D46DE8}") = "src", "src", "{827E0CD3-B72D-47B6-A68D-7590B98EB39B}"
EndProject
Project("{FAE04EC0-301F-11D3-BF4B-00C04F79EFBC}") = "JobAgents.Domain", "src\JobAgents.Domain\JobAgents.Domain.csproj", "{5197C722-F56F-4BDA-ADDF-54732FC3E3BF}"
EndProject
Project("{FAE04EC0-301F-11D3-BF4B-00C04F79EFBC}") = "JobAgents.Application", "src\JobAgents.Application\JobAgents.Application.csproj", "{E28F2F6E-1078-4BF9-AFCC-9BBAC014F647}"
EndProject
Project("{FAE04EC0-301F-11D3-BF4B-00C04F79EFBC}") = "JobAgents.Infrastructure", "src\JobAgents.Infrastructure\JobAgents.Infrastructure.csproj", "{141AD773-0395-4AD9-A16B-A8CBB14E750B}"
EndProject
Project("{FAE04EC0-301F-11D3-BF4B-00C04F79EFBC}") = "JobAgents.Web", "src\JobAgents.Web\JobAgents.Web.csproj", "{3621820F-8EDE-4977-AF71-C15C37FFA48E}"
EndProject
Project("{2150E333-8FDC-42A3-9474-1A3956D46DE8}") = "tests", "tests", "{0AB3BF05-4346-4AA6-1389-037BE0695223}"
EndProject
Project("{FAE04EC0-301F-11D3-BF4B-00C04F79EFBC}") = "JobAgents.Domain.Tests", "tests\JobAgents.Domain.Tests\JobAgents.Domain.Tests.csproj", "{AB727386-98A2-4E78-AC64-F751F962C7FE}"
EndProject
Project("{FAE04EC0-301F-11D3-BF4B-00C04F79EFBC}") = "JobAgents.Application.Tests", "tests\JobAgents.Application.Tests\JobAgents.Application.Tests.csproj", "{95288BBC-AF58-4169-AA3A-F7484F2516A8}"
EndProject
Project("{FAE04EC0-301F-11D3-BF4B-00C04F79EFBC}") = "JobAgents.Infrastructure.Tests", "tests\JobAgents.Infrastructure.Tests\JobAgents.Infrastructure.Tests.csproj", "{5D767322-AEE6-4FF7-B453-D3C86530B657}"
EndProject
Project("{2150E333-8FDC-42A3-9474-1A3956D46DE8}") = "eval", "eval", "{024D6249-81C0-9E90-155D-640ADE969606}"
EndProject
Project("{FAE04EC0-301F-11D3-BF4B-00C04F79EFBC}") = "JobAgents.Evals", "eval\JobAgents.Evals\JobAgents.Evals.csproj", "{2558E0F8-6BFB-403C-81DB-6A4B6837E215}"
EndProject
Project("{FAE04EC0-301F-11D3-BF4B-00C04F79EFBC}") = "JobAgents.E2E", "tests\JobAgents.E2E\JobAgents.E2E.csproj", "{7C3177E2-82FF-4642-A7FB-E043A4BFDDE5}"
EndProject
Global
	GlobalSection(SolutionConfigurationPlatforms) = preSolution
		Debug|Any CPU = Debug|Any CPU
		Debug|x64 = Debug|x64
		Debug|x86 = Debug|x86
		Release|Any CPU = Release|Any CPU
		Release|x64 = Release|x64
		Release|x86 = Release|x86
	EndGlobalSection
	GlobalSection(ProjectConfigurationPlatforms) = postSolution
		{5197C722-F56F-4BDA-ADDF-54732FC3E3BF}.Debug|Any CPU.ActiveCfg = Debug|Any CPU
		{5197C722-F56F-4BDA-ADDF-54732FC3E3BF}.Debug|Any CPU.Build.0 = Debug|Any CPU
		{5197C722-F56F-4BDA-ADDF-54732FC3E3BF}.Debug|x64.ActiveCfg = Debug|Any CPU
		{5197C722-F56F-4BDA-ADDF-54732FC3E3BF}.Debug|x64.Build.0 = Debug|Any CPU
		{5197C722-F56F-4BDA-ADDF-54732FC3E3BF}.Debug|x86.ActiveCfg = Debug|Any CPU
		{5197C722-F56F-4BDA-ADDF-54732FC3E3BF}.Debug|x86.Build.0 = Debug|Any CPU
		{5197C722-F56F-4BDA-ADDF-54732FC3E3BF}.Release|Any CPU.ActiveCfg = Release|Any CPU
		{5197C722-F56F-4BDA-ADDF-54732FC3E3BF}.Release|Any CPU.Build.0 = Release|Any CPU
		{5197C722-F56F-4BDA-ADDF-54732FC3E3BF}.Release|x64.ActiveCfg = Release|Any CPU
		{5197C722-F56F-4BDA-ADDF-54732FC3E3BF}.Release|x64.Build.0 = Release|Any CPU
		{5197C722-F56F-4BDA-ADDF-54732FC3E3BF}.Release|x86.ActiveCfg = Release|Any CPU
		{5197C722-F56F-4BDA-ADDF-54732FC3E3BF}.Release|x86.Build.0 = Release|Any CPU
		{E28F2F6E-1078-4BF9-AFCC-9BBAC014F647}.Debug|Any CPU.ActiveCfg = Debug|Any CPU
		{E28F2F6E-1078-4BF9-AFCC-9BBAC014F647}.Debug|Any CPU.Build.0 = Debug|Any CPU
		{E28F2F6E-1078-4BF9-AFCC-9BBAC014F647}.Debug|x64.ActiveCfg = Debug|Any CPU
		{E28F2F6E-1078-4BF9-AFCC-9BBAC014F647}.Debug|x64.Build.0 = Debug|Any CPU
		{E28F2F6E-1078-4BF9-AFCC-9BBAC014F647}.Debug|x86.ActiveCfg = Debug|Any CPU
		{E28F2F6E-1078-4BF9-AFCC-9BBAC014F647}.Debug|x86.Build.0 = Debug|Any CPU
		{E28F2F6E-1078-4BF9-AFCC-9BBAC014F647}.Release|Any CPU.ActiveCfg = Release|Any CPU
		{E28F2F6E-1078-4BF9-AFCC-9BBAC014F647}.Release|Any CPU.Build.0 = Release|Any CPU
		{E28F2F6E-1078-4BF9-AFCC-9BBAC014F647}.Release|x64.ActiveCfg = Release|Any CPU
		{E28F2F6E-1078-4BF9-AFCC-9BBAC014F647}.Release|x64.Build.0 = Release|Any CPU
		{E28F2F6E-1078-4BF9-AFCC-9BBAC014F647}.Release|x86.ActiveCfg = Release|Any CPU
		{E28F2F6E-1078-4BF9-AFCC-9BBAC014F647}.Release|x86.Build.0 = Release|Any CPU
		{141AD773-0395-4AD9-A16B-A8CBB14E750B}.Debug|Any CPU.ActiveCfg = Debug|Any CPU
		{141AD773-0395-4AD9-A16B-A8CBB14E750B}.Debug|Any CPU.Build.0 = Debug|Any CPU
		{141AD773-0395-4AD9-A16B-A8CBB14E750B}.Debug|x64.ActiveCfg = Debug|Any CPU
		{141AD773-0395-4AD9-A16B-A8CBB14E750B}.Debug|x64.Build.0 = Debug|Any CPU
		{141AD773-0395-4AD9-A16B-A8CBB14E750B}.Debug|x86.ActiveCfg = Debug|Any CPU
		{141AD773-0395-4AD9-A16B-A8CBB14E750B}.Debug|x86.Build.0 = Debug|Any CPU
		{141AD773-0395-4AD9-A16B-A8CBB14E750B}.Release|Any CPU.ActiveCfg = Release|Any CPU
		{141AD773-0395-4AD9-A16B-A8CBB14E750B}.Release|Any CPU.Build.0 = Release|Any CPU
		{141AD773-0395-4AD9-A16B-A8CBB14E750B}.Release|x64.ActiveCfg = Release|Any CPU
		{141AD773-0395-4AD9-A16B-A8CBB14E750B}.Release|x64.Build.0 = Release|Any CPU
		{141AD773-0395-4AD9-A16B-A8CBB14E750B}.Release|x86.ActiveCfg = Release|Any CPU
		{141AD773-0395-4AD9-A16B-A8CBB14E750B}.Release|x86.Build.0 = Release|Any CPU
		{3621820F-8EDE-4977-AF71-C15C37FFA48E}.Debug|Any CPU.ActiveCfg = Debug|Any CPU
		{3621820F-8EDE-4977-AF71-C15C37FFA48E}.Debug|Any CPU.Build.0 = Debug|Any CPU
		{3621820F-8EDE-4977-AF71-C15C37FFA48E}.Debug|x64.ActiveCfg = Debug|Any CPU
		{3621820F-8EDE-4977-AF71-C15C37FFA48E}.Debug|x64.Build.0 = Debug|Any CPU
		{3621820F-8EDE-4977-AF71-C15C37FFA48E}.Debug|x86.ActiveCfg = Debug|Any CPU
		{3621820F-8EDE-4977-AF71-C15C37FFA48E}.Debug|x86.Build.0 = Debug|Any CPU
		{3621820F-8EDE-4977-AF71-C15C37FFA48E}.Release|Any CPU.ActiveCfg = Release|Any CPU
		{3621820F-8EDE-4977-AF71-C15C37FFA48E}.Release|Any CPU.Build.0 = Release|Any CPU
		{3621820F-8EDE-4977-AF71-C15C37FFA48E}.Release|x64.ActiveCfg = Release|Any CPU
		{3621820F-8EDE-4977-AF71-C15C37FFA48E}.Release|x64.Build.0 = Release|Any CPU
		{3621820F-8EDE-4977-AF71-C15C37FFA48E}.Release|x86.ActiveCfg = Release|Any CPU
		{3621820F-8EDE-4977-AF71-C15C37FFA48E}.Release|x86.Build.0 = Release|Any CPU
		{AB727386-98A2-4E78-AC64-F751F962C7FE}.Debug|Any CPU.ActiveCfg = Debug|Any CPU
		{AB727386-98A2-4E78-AC64-F751F962C7FE}.Debug|Any CPU.Build.0 = Debug|Any CPU
		{AB727386-98A2-4E78-AC64-F751F962C7FE}.Debug|x64.ActiveCfg = Debug|Any CPU
		{AB727386-98A2-4E78-AC64-F751F962C7FE}.Debug|x64.Build.0 = Debug|Any CPU
		{AB727386-98A2-4E78-AC64-F751F962C7FE}.Debug|x86.ActiveCfg = Debug|Any CPU
		{AB727386-98A2-4E78-AC64-F751F962C7FE}.Debug|x86.Build.0 = Debug|Any CPU
		{AB727386-98A2-4E78-AC64-F751F962C7FE}.Release|Any CPU.ActiveCfg = Release|Any CPU
		{AB727386-98A2-4E78-AC64-F751F962C7FE}.Release|Any CPU.Build.0 = Release|Any CPU
		{AB727386-98A2-4E78-AC64-F751F962C7FE}.Release|x64.ActiveCfg = Release|Any CPU
		{AB727386-98A2-4E78-AC64-F751F962C7FE}.Release|x64.Build.0 = Release|Any CPU
		{AB727386-98A2-4E78-AC64-F751F962C7FE}.Release|x86.ActiveCfg = Release|Any CPU
		{AB727386-98A2-4E78-AC64-F751F962C7FE}.Release|x86.Build.0 = Release|Any CPU
		{95288BBC-AF58-4169-AA3A-F7484F2516A8}.Debug|Any CPU.ActiveCfg = Debug|Any CPU
		{95288BBC-AF58-4169-AA3A-F7484F2516A8}.Debug|Any CPU.Build.0 = Debug|Any CPU
		{95288BBC-AF58-4169-AA3A-F7484F2516A8}.Debug|x64.ActiveCfg = Debug|Any CPU
		{95288BBC-AF58-4169-AA3A-F7484F2516A8}.Debug|x64.Build.0 = Debug|Any CPU
		{95288BBC-AF58-4169-AA3A-F7484F2516A8}.Debug|x86.ActiveCfg = Debug|Any CPU
		{95288BBC-AF58-4169-AA3A-F7484F2516A8}.Debug|x86.Build.0 = Debug|Any CPU
		{95288BBC-AF58-4169-AA3A-F7484F2516A8}.Release|Any CPU.ActiveCfg = Release|Any CPU
		{95288BBC-AF58-4169-AA3A-F7484F2516A8}.Release|Any CPU.Build.0 = Release|Any CPU
		{95288BBC-AF58-4169-AA3A-F7484F2516A8}.Release|x64.ActiveCfg = Release|Any CPU
		{95288BBC-AF58-4169-AA3A-F7484F2516A8}.Release|x64.Build.0 = Release|Any CPU
		{95288BBC-AF58-4169-AA3A-F7484F2516A8}.Release|x86.ActiveCfg = Release|Any CPU
		{95288BBC-AF58-4169-AA3A-F7484F2516A8}.Release|x86.Build.0 = Release|Any CPU
		{5D767322-AEE6-4FF7-B453-D3C86530B657}.Debug|Any CPU.ActiveCfg = Debug|Any CPU
		{5D767322-AEE6-4FF7-B453-D3C86530B657}.Debug|Any CPU.Build.0 = Debug|Any CPU
		{5D767322-AEE6-4FF7-B453-D3C86530B657}.Debug|x64.ActiveCfg = Debug|Any CPU
		{5D767322-AEE6-4FF7-B453-D3C86530B657}.Debug|x64.Build.0 = Debug|Any CPU
		{5D767322-AEE6-4FF7-B453-D3C86530B657}.Debug|x86.ActiveCfg = Debug|Any CPU
		{5D767322-AEE6-4FF7-B453-D3C86530B657}.Debug|x86.Build.0 = Debug|Any CPU
		{5D767322-AEE6-4FF7-B453-D3C86530B657}.Release|Any CPU.ActiveCfg = Release|Any CPU
		{5D767322-AEE6-4FF7-B453-D3C86530B657}.Release|Any CPU.Build.0 = Release|Any CPU
		{5D767322-AEE6-4FF7-B453-D3C86530B657}.Release|x64.ActiveCfg = Release|Any CPU
		{5D767322-AEE6-4FF7-B453-D3C86530B657}.Release|x64.Build.0 = Release|Any CPU
		{5D767322-AEE6-4FF7-B453-D3C86530B657}.Release|x86.ActiveCfg = Release|Any CPU
		{5D767322-AEE6-4FF7-B453-D3C86530B657}.Release|x86.Build.0 = Release|Any CPU
		{2558E0F8-6BFB-403C-81DB-6A4B6837E215}.Debug|Any CPU.ActiveCfg = Debug|Any CPU
		{2558E0F8-6BFB-403C-81DB-6A4B6837E215}.Debug|Any CPU.Build.0 = Debug|Any CPU
		{2558E0F8-6BFB-403C-81DB-6A4B6837E215}.Debug|x64.ActiveCfg = Debug|Any CPU
		{2558E0F8-6BFB-403C-81DB-6A4B6837E215}.Debug|x64.Build.0 = Debug|Any CPU
		{2558E0F8-6BFB-403C-81DB-6A4B6837E215}.Debug|x86.ActiveCfg = Debug|Any CPU
		{2558E0F8-6BFB-403C-81DB-6A4B6837E215}.Debug|x86.Build.0 = Debug|Any CPU
		{2558E0F8-6BFB-403C-81DB-6A4B6837E215}.Release|Any CPU.ActiveCfg = Release|Any CPU
		{2558E0F8-6BFB-403C-81DB-6A4B6837E215}.Release|Any CPU.Build.0 = Release|Any CPU
		{2558E0F8-6BFB-403C-81DB-6A4B6837E215}.Release|x64.ActiveCfg = Release|Any CPU
		{2558E0F8-6BFB-403C-81DB-6A4B6837E215}.Release|x64.Build.0 = Release|Any CPU
		{2558E0F8-6BFB-403C-81DB-6A4B6837E215}.Release|x86.ActiveCfg = Release|Any CPU
		{2558E0F8-6BFB-403C-81DB-6A4B6837E215}.Release|x86.Build.0 = Release|Any CPU
		{7C3177E2-82FF-4642-A7FB-E043A4BFDDE5}.Debug|Any CPU.ActiveCfg = Debug|Any CPU
		{7C3177E2-82FF-4642-A7FB-E043A4BFDDE5}.Debug|Any CPU.Build.0 = Debug|Any CPU
		{7C3177E2-82FF-4642-A7FB-E043A4BFDDE5}.Debug|x64.ActiveCfg = Debug|Any CPU
		{7C3177E2-82FF-4642-A7FB-E043A4BFDDE5}.Debug|x64.Build.0 = Debug|Any CPU
		{7C3177E2-82FF-4642-A7FB-E043A4BFDDE5}.Debug|x86.ActiveCfg = Debug|Any CPU
		{7C3177E2-82FF-4642-A7FB-E043A4BFDDE5}.Debug|x86.Build.0 = Debug|Any CPU
		{7C3177E2-82FF-4642-A7FB-E043A4BFDDE5}.Release|Any CPU.ActiveCfg = Release|Any CPU
		{7C3177E2-82FF-4642-A7FB-E043A4BFDDE5}.Release|Any CPU.Build.0 = Release|Any CPU
		{7C3177E2-82FF-4642-A7FB-E043A4BFDDE5}.Release|x64.ActiveCfg = Release|Any CPU
		{7C3177E2-82FF-4642-A7FB-E043A4BFDDE5}.Release|x64.Build.0 = Release|Any CPU
		{7C3177E2-82FF-4642-A7FB-E043A4BFDDE5}.Release|x86.ActiveCfg = Release|Any CPU
		{7C3177E2-82FF-4642-A7FB-E043A4BFDDE5}.Release|x86.Build.0 = Release|Any CPU
	EndGlobalSection
	GlobalSection(SolutionProperties) = preSolution
		HideSolutionNode = FALSE
	EndGlobalSection
	GlobalSection(NestedProjects) = preSolution
		{5197C722-F56F-4BDA-ADDF-54732FC3E3BF} = {827E0CD3-B72D-47B6-A68D-7590B98EB39B}
		{E28F2F6E-1078-4BF9-AFCC-9BBAC014F647} = {827E0CD3-B72D-47B6-A68D-7590B98EB39B}
		{141AD773-0395-4AD9-A16B-A8CBB14E750B} = {827E0CD3-B72D-47B6-A68D-7590B98EB39B}
		{3621820F-8EDE-4977-AF71-C15C37FFA48E} = {827E0CD3-B72D-47B6-A68D-7590B98EB39B}
		{AB727386-98A2-4E78-AC64-F751F962C7FE} = {0AB3BF05-4346-4AA6-1389-037BE0695223}
		{95288BBC-AF58-4169-AA3A-F7484F2516A8} = {0AB3BF05-4346-4AA6-1389-037BE0695223}
		{5D767322-AEE6-4FF7-B453-D3C86530B657} = {0AB3BF05-4346-4AA6-1389-037BE0695223}
		{2558E0F8-6BFB-403C-81DB-6A4B6837E215} = {024D6249-81C0-9E90-155D-640ADE969606}
		{7C3177E2-82FF-4642-A7FB-E043A4BFDDE5} = {0AB3BF05-4346-4AA6-1389-037BE0695223}
	EndGlobalSection
EndGlobal
